github.com/Shauanth/Singleton_Encription_ServiceGolang v1.0.2 h1:1C+mrXOdE4PXNP0MGIGgXHVzmikHIl4B+hEJysgeFJo=
github.com/Shauanth/Singleton_Encription_ServiceGolang v1.0.2/go.mod h1:dvpkgGhoxVawFsiqtgvd/I/eG52+tE01/k1OpR3324g=
github.com/lib/pq v1.10.9 h1:YXG7RB+JIjhP29X+OtkiDnYaXQwpS4JEWq7dtCCRUEw=
github.com/lib/pq v1.10.9/go.mod h1:AlVN5x4E4T544tWzH6hKfbfQvm3HdbOxrmggDNAPY9o=
